// !$*UTF8*$!
{
	archiveVersion = 1;
	classes = {
	};
	objectVersion = 55;
	objects = {

/* Begin PBXBuildFile section */
		C89AFB05284ECF7A0064F798 /* PhotoEndpoint.swift in Sources */ = {isa = PBXBuildFile; fileRef = C89AFB04284ECF7A0064F798 /* PhotoEndpoint.swift */; };
		C89AFB08284ED1890064F798 /* APIError.swift in Sources */ = {isa = PBXBuildFile; fileRef = C89AFB07284ED1890064F798 /* APIError.swift */; };
		C89AFB0B284ED25A0064F798 /* PhotosService.swift in Sources */ = {isa = PBXBuildFile; fileRef = C89AFB0A284ED25A0064F798 /* PhotosService.swift */; };
		C89AFB10284ED89F0064F798 /* PhotosViewModel.swift in Sources */ = {isa = PBXBuildFile; fileRef = C89AFB0F284ED89F0064F798 /* PhotosViewModel.swift */; };
		C89AFB15284F17910064F798 /* PhotoView.swift in Sources */ = {isa = PBXBuildFile; fileRef = C89AFB14284F17910064F798 /* PhotoView.swift */; };
		C89AFB19284F3C400064F798 /* ErrorView.swift in Sources */ = {isa = PBXBuildFile; fileRef = C89AFB18284F3C400064F798 /* ErrorView.swift */; };
		C8AA78972851DAFF00D0CF5C /* Kingfisher in Frameworks */ = {isa = PBXBuildFile; productRef = C8AA78962851DAFF00D0CF5C /* Kingfisher */; };
		C8B4B955284DFC2D0047B35A /* PhotoAppApp.swift in Sources */ = {isa = PBXBuildFile; fileRef = C8B4B954284DFC2D0047B35A /* PhotoAppApp.swift */; };
		C8B4B959284DFC2F0047B35A /* Assets.xcassets in Resources */ = {isa = PBXBuildFile; fileRef = C8B4B958284DFC2F0047B35A /* Assets.xcassets */; };
		C8B4B95C284DFC2F0047B35A /* Preview Assets.xcassets in Resources */ = {isa = PBXBuildFile; fileRef = C8B4B95B284DFC2F0047B35A /* Preview Assets.xcassets */; };
		C8B4B967284E03F60047B35A /* MainView.swift in Sources */ = {isa = PBXBuildFile; fileRef = C8B4B966284E03F60047B35A /* MainView.swift */; };
		C8B4B969284E0BB90047B35A /* Model.swift in Sources */ = {isa = PBXBuildFile; fileRef = C8B4B968284E0BB90047B35A /* Model.swift */; };
		C8FE3B5928503D9B00D6D4A6 /* PhotoDetailView.swift in Sources */ = {isa = PBXBuildFile; fileRef = C8FE3B5828503D9B00D6D4A6 /* PhotoDetailView.swift */; };
/* End PBXBuildFile section */

/* Begin PBXFileReference section */
		C89AFB04284ECF7A0064F798 /* PhotoEndpoint.swift */ = {isa = PBXFileReference; lastKnownFileType = sourcecode.swift; path = PhotoEndpoint.swift; sourceTree = "<group>"; };
		C89AFB07284ED1890064F798 /* APIError.swift */ = {isa = PBXFileReference; lastKnownFileType = sourcecode.swift; path = APIError.swift; sourceTree = "<group>"; };
		C89AFB0A284ED25A0064F798 /* PhotosService.swift */ = {isa = PBXFileReference; lastKnownFileType = sourcecode.swift; path = PhotosService.swift; sourceTree = "<group>"; };
		C89AFB0F284ED89F0064F798 /* PhotosViewModel.swift */ = {isa = PBXFileReference; lastKnownFileType = sourcecode.swift; path = PhotosViewModel.swift; sourceTree = "<group>"; };
		C89AFB14284F17910064F798 /* PhotoView.swift */ = {isa = PBXFileReference; lastKnownFileType = sourcecode.swift; path = PhotoView.swift; sourceTree = "<group>"; };
		C89AFB18284F3C400064F798 /* ErrorView.swift */ = {isa = PBXFileReference; lastKnownFileType = sourcecode.swift; path = ErrorView.swift; sourceTree = "<group>"; };
		C8B4B951284DFC2D0047B35A /* PhotoApp.app */ = {isa = PBXFileReference; explicitFileType = wrapper.application; includeInIndex = 0; path = PhotoApp.app; sourceTree = BUILT_PRODUCTS_DIR; };
		C8B4B954284DFC2D0047B35A /* PhotoAppApp.swift */ = {isa = PBXFileReference; lastKnownFileType = sourcecode.swift; path = PhotoAppApp.swift; sourceTree = "<group>"; };
		C8B4B958284DFC2F0047B35A /* Assets.xcassets */ = {isa = PBXFileReference; lastKnownFileType = folder.assetcatalog; path = Assets.xcassets; sourceTree = "<group>"; };
		C8B4B95B284DFC2F0047B35A /* Preview Assets.xcassets */ = {isa = PBXFileReference; lastKnownFileType = folder.assetcatalog; path = "Preview Assets.xcassets"; sourceTree = "<group>"; };
		C8B4B966284E03F60047B35A /* MainView.swift */ = {isa = PBXFileReference; lastKnownFileType = sourcecode.swift; path = MainView.swift; sourceTree = "<group>"; };
		C8B4B968284E0BB90047B35A /* Model.swift */ = {isa = PBXFileReference; lastKnownFileType = sourcecode.swift; path = Model.swift; sourceTree = "<group>"; };
		C8FE3B5828503D9B00D6D4A6 /* PhotoDetailView.swift */ = {isa = PBXFileReference; lastKnownFileType = sourcecode.swift; path = PhotoDetailView.swift; sourceTree = "<group>"; };
/* End PBXFileReference section */

/* Begin PBXFrameworksBuildPhase section */
		C8B4B94E284DFC2D0047B35A /* Frameworks */ = {
			isa = PBXFrameworksBuildPhase;
			buildActionMask = 2147483647;
			files = (
				C8AA78972851DAFF00D0CF5C /* Kingfisher in Frameworks */,
			);
			runOnlyForDeploymentPostprocessing = 0;
		};
/* End PBXFrameworksBuildPhase section */

/* Begin PBXGroup section */
		C89AFB03284ECF580064F798 /* Endpoint */ = {
			isa = PBXGroup;
			children = (
				C89AFB04284ECF7A0064F798 /* PhotoEndpoint.swift */,
			);
			path = Endpoint;
			sourceTree = "<group>";
		};
		C89AFB06284ED16C0064F798 /* Error */ = {
			isa = PBXGroup;
			children = (
				C89AFB07284ED1890064F798 /* APIError.swift */,
			);
			path = Error;
			sourceTree = "<group>";
		};
		C89AFB09284ED2420064F798 /* Service */ = {
			isa = PBXGroup;
			children = (
				C89AFB0A284ED25A0064F798 /* PhotosService.swift */,
			);
			path = Service;
			sourceTree = "<group>";
		};
		C8B4B948284DFC2D0047B35A = {
			isa = PBXGroup;
			children = (
				C8B4B953284DFC2D0047B35A /* PhotoApp */,
				C8B4B952284DFC2D0047B35A /* Products */,
			);
			sourceTree = "<group>";
		};
		C8B4B952284DFC2D0047B35A /* Products */ = {
			isa = PBXGroup;
			children = (
				C8B4B951284DFC2D0047B35A /* PhotoApp.app */,
			);
			name = Products;
			sourceTree = "<group>";
		};
		C8B4B953284DFC2D0047B35A /* PhotoApp */ = {
			isa = PBXGroup;
			children = (
				C89AFB09284ED2420064F798 /* Service */,
				C89AFB06284ED16C0064F798 /* Error */,
				C89AFB03284ECF580064F798 /* Endpoint */,
				C8B4B964284E03970047B35A /* ViewModel */,
				C8B4B963284E038B0047B35A /* Model */,
				C8B4B962284E03820047B35A /* View */,
				C8B4B954284DFC2D0047B35A /* PhotoAppApp.swift */,
				C8B4B958284DFC2F0047B35A /* Assets.xcassets */,
				C8B4B95A284DFC2F0047B35A /* Preview Content */,
			);
			path = PhotoApp;
			sourceTree = "<group>";
		};
		C8B4B95A284DFC2F0047B35A /* Preview Content */ = {
			isa = PBXGroup;
			children = (
				C8B4B95B284DFC2F0047B35A /* Preview Assets.xcassets */,
			);
			path = "Preview Content";
			sourceTree = "<group>";
		};
		C8B4B962284E03820047B35A /* View */ = {
			isa = PBXGroup;
			children = (
				C8B4B966284E03F60047B35A /* MainView.swift */,
				C89AFB14284F17910064F798 /* PhotoView.swift */,
				C89AFB18284F3C400064F798 /* ErrorView.swift */,
				C8FE3B5828503D9B00D6D4A6 /* PhotoDetailView.swift */,
			);
			path = View;
			sourceTree = "<group>";
		};
		C8B4B963284E038B0047B35A /* Model */ = {
			isa = PBXGroup;
			children = (
				C8B4B968284E0BB90047B35A /* Model.swift */,
			);
			path = Model;
			sourceTree = "<group>";
		};
		C8B4B964284E03970047B35A /* ViewModel */ = {
			isa = PBXGroup;
			children = (
				C89AFB0F284ED89F0064F798 /* PhotosViewModel.swift */,
			);
			path = ViewModel;
			sourceTree = "<group>";
		};
/* End PBXGroup section */

/* Begin PBXNativeTarget section */
		C8B4B950284DFC2D0047B35A /* PhotoApp */ = {
			isa = PBXNativeTarget;
			buildConfigurationList = C8B4B95F284DFC2F0047B35A /* Build configuration list for PBXNativeTarget "PhotoApp" */;
			buildPhases = (
				C8B4B94D284DFC2D0047B35A /* Sources */,
				C8B4B94E284DFC2D0047B35A /* Frameworks */,
				C8B4B94F284DFC2D0047B35A /* Resources */,
			);
			buildRules = (
			);
			dependencies = (
			);
			name = PhotoApp;
			packageProductDependencies = (
				C8AA78962851DAFF00D0CF5C /* Kingfisher */,
			);
			productName = PhotoApp;
			productReference = C8B4B951284DFC2D0047B35A /* PhotoApp.app */;
			productType = "com.apple.product-type.application";
		};
/* End PBXNativeTarget section */

/* Begin PBXProject section */
		C8B4B949284DFC2D0047B35A /* Project object */ = {
			isa = PBXProject;
			attributes = {
				BuildIndependentTargetsInParallel = 1;
				LastSwiftUpdateCheck = 1340;
				LastUpgradeCheck = 1340;
				TargetAttributes = {
					C8B4B950284DFC2D0047B35A = {
						CreatedOnToolsVersion = 13.4;
					};
				};
			};
			buildConfigurationList = C8B4B94C284DFC2D0047B35A /* Build configuration list for PBXProject "PhotoApp" */;
			compatibilityVersion = "Xcode 13.0";
			developmentRegion = en;
			hasScannedForEncodings = 0;
			knownRegions = (
				en,
				Base,
			);
			mainGroup = C8B4B948284DFC2D0047B35A;
			packageReferences = (
				C8AA78952851DAFF00D0CF5C /* XCRemoteSwiftPackageReference "Kingfisher" */,
			);
			productRefGroup = C8B4B952284DFC2D0047B35A /* Products */;
			projectDirPath = "";
			projectRoot = "";
			targets = (
				C8B4B950284DFC2D0047B35A /* PhotoApp */,
			);
		};
/* End PBXProject section */

/* Begin PBXResourcesBuildPhase section */
		C8B4B94F284DFC2D0047B35A /* Resources */ = {
			isa = PBXResourcesBuildPhase;
			buildActionMask = 2147483647;
			files = (
				C8B4B95C284DFC2F0047B35A /* Preview Assets.xcassets in Resources */,
				C8B4B959284DFC2F0047B35A /* Assets.xcassets in Resources */,
			);
			runOnlyForDeploymentPostprocessing = 0;
		};
/* End PBXResourcesBuildPhase section */

/* Begin PBXSourcesBuildPhase section */
		C8B4B94D284DFC2D0047B35A /* Sources */ = {
			isa = PBXSourcesBuildPhase;
			buildActionMask = 2147483647;
			files = (
				C8B4B969284E0BB90047B35A /* Model.swift in Sources */,
				C89AFB10284ED89F0064F798 /* PhotosViewModel.swift in Sources */,
				C89AFB05284ECF7A0064F798 /* PhotoEndpoint.swift in Sources */,
				C89AFB15284F17910064F798 /* PhotoView.swift in Sources */,
				C8B4B967284E03F60047B35A /* MainView.swift in Sources */,
				C89AFB19284F3C400064F798 /* ErrorView.swift in Sources */,
				C89AFB08284ED1890064F798 /* APIError.swift in Sources */,
				C89AFB0B284ED25A0064F798 /* PhotosService.swift in Sources */,
				C8FE3B5928503D9B00D6D4A6 /* PhotoDetailView.swift in Sources */,
				C8B4B955284DFC2D0047B35A /* PhotoAppApp.swift in Sources */,
			);
			runOnlyForDeploymentPostprocessing = 0;
		};
/* End PBXSourcesBuildPhase section */

/* Begin XCBuildConfiguration section */
		C8B4B95D284DFC2F0047B35A /* Debug */ = {
			isa = XCBuildConfiguration;
			buildSettings = {
				ALWAYS_SEARCH_USER_PATHS = NO;
				CLANG_ANALYZER_NONNULL = YES;
				CLANG_ANALYZER_NUMBER_OBJECT_CONVERSION = YES_AGGRESSIVE;
				CLANG_CXX_LANGUAGE_STANDARD = "gnu++17";
				CLANG_ENABLE_MODULES = YES;
				CLANG_ENABLE_OBJC_ARC = YES;
				CLANG_ENABLE_OBJC_WEAK = YES;
				CLANG_WARN_BLOCK_CAPTURE_AUTORELEASING = YES;
				CLANG_WARN_BOOL_CONVERSION = YES;
				CLANG_WARN_COMMA = YES;
				CLANG_WARN_CONSTANT_CONVERSION = YES;
				CLANG_WARN_DEPRECATED_OBJC_IMPLEMENTATIONS = YES;
				CLANG_WARN_DIRECT_OBJC_ISA_USAGE = YES_ERROR;
				CLANG_WARN_DOCUMENTATION_COMMENTS = YES;
				CLANG_WARN_EMPTY_BODY = YES;
				CLANG_WARN_ENUM_CONVERSION = YES;
				CLANG_WARN_INFINITE_RECURSION = YES;
				CLANG_WARN_INT_CONVERSION = YES;
				CLANG_WARN_NON_LITERAL_NULL_CONVERSION = YES;
				CLANG_WARN_OBJC_IMPLICIT_RETAIN_SELF = YES;
				CLANG_WARN_OBJC_LITERAL_CONVERSION = YES;
				CLANG_WARN_OBJC_ROOT_CLASS = YES_ERROR;
				CLANG_WARN_QUOTED_INCLUDE_IN_FRAMEWORK_HEADER = YES;
				CLANG_WARN_RANGE_LOOP_ANALYSIS = YES;
				CLANG_WARN_STRICT_PROTOTYPES = YES;
				CLANG_WARN_SUSPICIOUS_MOVE = YES;
				CLANG_WARN_UNGUARDED_AVAILABILITY = YES_AGGRESSIVE;
				CLANG_WARN_UNREACHABLE_CODE = YES;
				CLANG_WARN__DUPLICATE_METHOD_MATCH = YES;
				COPY_PHASE_STRIP = NO;
				DEBUG_INFORMATION_FORMAT = dwarf;
				ENABLE_STRICT_OBJC_MSGSEND = YES;
				ENABLE_TESTABILITY = YES;
				GCC_C_LANGUAGE_STANDARD = gnu11;
				GCC_DYNAMIC_NO_PIC = NO;
				GCC_NO_COMMON_BLOCKS = YES;
				GCC_OPTIMIZATION_LEVEL = 0;
				GCC_PREPROCESSOR_DEFINITIONS = (
					"DEBUG=1",
					"$(inherited)",
				);
				GCC_WARN_64_TO_32_BIT_CONVERSION = YES;
				GCC_WARN_ABOUT_RETURN_TYPE = YES_ERROR;
				GCC_WARN_UNDECLARED_SELECTOR = YES;
				GCC_WARN_UNINITIALIZED_AUTOS = YES_AGGRESSIVE;
				GCC_WARN_UNUSED_FUNCTION = YES;
				GCC_WARN_UNUSED_VARIABLE = YES;
				IPHONEOS_DEPLOYMENT_TARGET = 15.5;
				MTL_ENABLE_DEBUG_INFO = INCLUDE_SOURCE;
				MTL_FAST_MATH = YES;
				ONLY_ACTIVE_ARCH = YES;
				SDKROOT = iphoneos;
				SWIFT_ACTIVE_COMPILATION_CONDITIONS = DEBUG;
				SWIFT_OPTIMIZATION_LEVEL = "-Onone";
			};
			name = Debug;
		};
		C8B4B95E284DFC2F0047B35A /* Release */ = {
			isa = XCBuildConfiguration;
			buildSettings = {
				ALWAYS_SEARCH_USER_PATHS = NO;
				CLANG_ANALYZER_NONNULL = YES;
				CLANG_ANALYZER_NUMBER_OBJECT_CONVERSION = YES_AGGRESSIVE;
				CLANG_CXX_LANGUAGE_STANDARD = "gnu++17";
				CLANG_ENABLE_MODULES = YES;
				CLANG_ENABLE_OBJC_ARC = YES;
				CLANG_ENABLE_OBJC_WEAK = YES;
				CLANG_WARN_BLOCK_CAPTURE_AUTORELEASING = YES;
				CLANG_WARN_BOOL_CONVERSION = YES;
				CLANG_WARN_COMMA = YES;
				CLANG_WARN_CONSTANT_CONVERSION = YES;
				CLANG_WARN_DEPRECATED_OBJC_IMPLEMENTATIONS = YES;
				CLANG_WARN_DIRECT_OBJC_ISA_USAGE = YES_ERROR;
				CLANG_WARN_DOCUMENTATION_COMMENTS = YES;
				CLANG_WARN_EMPTY_BODY = YES;
				CLANG_WARN_ENUM_CONVERSION = YES;
				CLANG_WARN_INFINITE_RECURSION = YES;
				CLANG_WARN_INT_CONVERSION = YES;
				CLANG_WARN_NON_LITERAL_NULL_CONVERSION = YES;
				CLANG_WARN_OBJC_IMPLICIT_RETAIN_SELF = YES;
				CLANG_WARN_OBJC_LITERAL_CONVERSION = YES;
				CLANG_WARN_OBJC_ROOT_CLASS = YES_ERROR;
				CLANG_WARN_QUOTED_INCLUDE_IN_FRAMEWORK_HEADER = YES;
				CLANG_WARN_RANGE_LOOP_ANALYSIS = YES;
				CLANG_WARN_STRICT_PROTOTYPES = YES;
				CLANG_WARN_SUSPICIOUS_MOVE = YES;
				CLANG_WARN_UNGUARDED_AVAILABILITY = YES_AGGRESSIVE;
				CLANG_WARN_UNREACHABLE_CODE = YES;
				CLANG_WARN__DUPLICATE_METHOD_MATCH = YES;
				COPY_PHASE_STRIP = NO;
				DEBUG_INFORMATION_FORMAT = "dwarf-with-dsym";
				ENABLE_NS_ASSERTIONS = NO;
				ENABLE_STRICT_OBJC_MSGSEND = YES;
				GCC_C_LANGUAGE_STANDARD = gnu11;
				GCC_NO_COMMON_BLOCKS = YES;
				GCC_WARN_64_TO_32_BIT_CONVERSION = YES;
				GCC_WARN_ABOUT_RETURN_TYPE = YES_ERROR;
				GCC_WARN_UNDECLARED_SELECTOR = YES;
				GCC_WARN_UNINITIALIZED_AUTOS = YES_AGGRESSIVE;
				GCC_WARN_UNUSED_FUNCTION = YES;
				GCC_WARN_UNUSED_VARIABLE = YES;
				IPHONEOS_DEPLOYMENT_TARGET = 15.5;
				MTL_ENABLE_DEBUG_INFO = NO;
				MTL_FAST_MATH = YES;
				SDKROOT = iphoneos;
				SWIFT_COMPILATION_MODE = wholemodule;
				SWIFT_OPTIMIZATION_LEVEL = "-O";
				VALIDATE_PRODUCT = YES;
			};
			name = Release;
		};
		C8B4B960284DFC2F0047B35A /* Debug */ = {
			isa = XCBuildConfiguration;
			buildSettings = {
				ASSETCATALOG_COMPILER_APPICON_NAME = AppIcon;
				ASSETCATALOG_COMPILER_GLOBAL_ACCENT_COLOR_NAME = AccentColor;
				CODE_SIGN_STYLE = Automatic;
				CURRENT_PROJECT_VERSION = 1;
				DEVELOPMENT_ASSET_PATHS = "\"PhotoApp/Preview Content\"";
				ENABLE_PREVIEWS = YES;
				GENERATE_INFOPLIST_FILE = YES;
				INFOPLIST_KEY_UIApplicationSceneManifest_Generation = YES;
				INFOPLIST_KEY_UIApplicationSupportsIndirectInputEvents = YES;
				INFOPLIST_KEY_UILaunchScreen_Generation = YES;
				INFOPLIST_KEY_UISupportedInterfaceOrientations_iPad = "UIInterfaceOrientationPortrait UIInterfaceOrientationPortraitUpsideDown UIInterfaceOrientationLandscapeLeft UIInterfaceOrientationLandscapeRight";
				INFOPLIST_KEY_UISupportedInterfaceOrientations_iPhone = "UIInterfaceOrientationPortrait UIInterfaceOrientationLandscapeLeft UIInterfaceOrientationLandscapeRight";
				LD_RUNPATH_SEARCH_PATHS = (
					"$(inherited)",
					"@executable_path/Frameworks",
				);
				MARKETING_VERSION = 1.0;
				PRODUCT_BUNDLE_IDENTIFIER = com.dranzen.PhotoApp;
				PRODUCT_NAME = "$(TARGET_NAME)";
				SWIFT_EMIT_LOC_STRINGS = YES;
				SWIFT_VERSION = 5.0;
				TARGETED_DEVICE_FAMILY = "1,2";
			};
			name = Debug;
		};
		C8B4B961284DFC2F0047B35A /* Release */ = {
			isa = XCBuildConfiguration;
			buildSettings = {
				ASSETCATALOG_COMPILER_APPICON_NAME = AppIcon;
				ASSETCATALOG_COMPILER_GLOBAL_ACCENT_COLOR_NAME = AccentColor;
				CODE_SIGN_STYLE = Automatic;
				CURRENT_PROJECT_VERSION = 1;
				DEVELOPMENT_ASSET_PATHS = "\"PhotoApp/Preview Content\"";
				ENABLE_PREVIEWS = YES;
				GENERATE_INFOPLIST_FILE = YES;
				INFOPLIST_KEY_UIApplicationSceneManifest_Generation = YES;
				INFOPLIST_KEY_UIApplicationSupportsIndirectInputEvents = YES;
				INFOPLIST_KEY_UILaunchScreen_Generation = YES;
				INFOPLIST_KEY_UISupportedInterfaceOrientations_iPad = "UIInterfaceOrientationPortrait UIInterfaceOrientationPortraitUpsideDown UIInterfaceOrientationLandscapeLeft UIInterfaceOrientationLandscapeRight";
				INFOPLIST_KEY_UISupportedInterfaceOrientations_iPhone = "UIInterfaceOrientationPortrait UIInterfaceOrientationLandscapeLeft UIInterfaceOrientationLandscapeRight";
				LD_RUNPATH_SEARCH_PATHS = (
					"$(inherited)",
					"@executable_path/Frameworks",
				);
				MARKETING_VERSION = 1.0;
				PRODUCT_BUNDLE_IDENTIFIER = com.dranzen.PhotoApp;
				PRODUCT_NAME = "$(TARGET_NAME)";
				SWIFT_EMIT_LOC_STRINGS = YES;
				SWIFT_VERSION = 5.0;
				TARGETED_DEVICE_FAMILY = "1,2";
			};
			name = Release;
		};
/* End XCBuildConfiguration section */

/* Begin XCConfigurationList section */
		C8B4B94C284DFC2D0047B35A /* Build configuration list for PBXProject "PhotoApp" */ = {
			isa = XCConfigurationList;
			buildConfigurations = (
				C8B4B95D284DFC2F0047B35A /* Debug */,
				C8B4B95E284DFC2F0047B35A /* Release */,
			);
			defaultConfigurationIsVisible = 0;
			defaultConfigurationName = Release;
		};
		C8B4B95F284DFC2F0047B35A /* Build configuration list for PBXNativeTarget "PhotoApp" */ = {
			isa = XCConfigurationList;
			buildConfigurations = (
				C8B4B960284DFC2F0047B35A /* Debug */,
				C8B4B961284DFC2F0047B35A /* Release */,
			);
			defaultConfigurationIsVisible = 0;
			defaultConfigurationName = Release;
		};
/* End XCConfigurationList section */

/* Begin XCRemoteSwiftPackageReference section */
		C8AA78952851DAFF00D0CF5C /* XCRemoteSwiftPackageReference "Kingfisher" */ = {
			isa = XCRemoteSwiftPackageReference;
			repositoryURL = "https://github.com/onevcat/Kingfisher.git";
			requirement = {
				branch = master;
				kind = branch;
			};
		};
/* End XCRemoteSwiftPackageReference section */

/* Begin XCSwiftPackageProductDependency section */
		C8AA78962851DAFF00D0CF5C /* Kingfisher */ = {
			isa = XCSwiftPackageProductDependency;
			package = C8AA78952851DAFF00D0CF5C /* XCRemoteSwiftPackageReference "Kingfisher" */;
			productName = Kingfisher;
		};
/* End XCSwiftPackageProductDependency section */
	};
	rootObject = C8B4B949284DFC2D0047B35A /* Project object */;
}
